
Microsoft Visual Studio Solution File, Format Version 12.00
# Visual Studio Version 17
VisualStudioVersion = 17.13.35931.197
MinimumVisualStudioVersion = 10.0.40219.1
Project("{2150E333-8FDC-42A3-9474-1A3956D46DE8}") = "src", "src", "{827E0CD3-B72D-47B6-A68D-7590B98EB39B}"
EndProject
Project("{2150E333-8FDC-42A3-9474-1A3956D46DE8}") = "Servicios", "Servicios", "{C98DEB5E-1C75-3548-8A81-4E47D0E25738}"
EndProject
Project("{FAE04EC0-301F-11D3-BF4B-00C04F79EFBC}") = "Compras.Aplicacion", "src\Servicios\Compras\Compras.Aplicacion\Compras.Aplicacion.csproj", "{6FC8E1AF-4A1E-6428-063D-F90F4D6EA330}"
EndProject
Project("{FAE04EC0-301F-11D3-BF4B-00C04F79EFBC}") = "Compras.Dominio", "src\Servicios\Compras\Compras.Dominio\Compras.Dominio.csproj", "{B4DE03F8-4083-9B47-64C1-8242CDB7B143}"
EndProject
Project("{FAE04EC0-301F-11D3-BF4B-00C04F79EFBC}") = "Compras.Infraestructura", "src\Servicios\Compras\Compras.Infraestructura\Compras.Infraestructura.csproj", "{4CDB4FD4-50D2-860B-9827-5E13F770CE71}"
EndProject
Project("{2150E333-8FDC-42A3-9474-1A3956D46DE8}") = "Compras", "Compras", "{02EA681E-C7D8-13C7-8484-4AC65E1B71E8}"
EndProject
Project("{2150E333-8FDC-42A3-9474-1A3956D46DE8}") = "Ventas", "Ventas", "{3923D861-F51C-448B-9E0F-AE7A12265A37}"
EndProject
Project("{2150E333-8FDC-42A3-9474-1A3956D46DE8}") = "Movimientos", "Movimientos", "{6CF5BF75-C967-458E-BE88-AA09FBE1B74A}"
EndProject
Project("{FAE04EC0-301F-11D3-BF4B-00C04F79EFBC}") = "Movimientos.Aplicacion", "src\Servicios\Movimientos\Movimientos.Aplicacion\Movimientos.Aplicacion.csproj", "{41BF4A8E-FE62-5B47-A227-9B7D7266673C}"
EndProject
Project("{FAE04EC0-301F-11D3-BF4B-00C04F79EFBC}") = "Movimientos.Dominio", "src\Servicios\Movimientos\Movimientos.Dominio\Movimientos.Dominio.csproj", "{DD11CF85-AB27-40A2-14B8-5848C3AEF352}"
EndProject
Project("{FAE04EC0-301F-11D3-BF4B-00C04F79EFBC}") = "Movimientos.Infraestructura", "src\Servicios\Movimientos\Movimientos.Infraestructura\Movimientos.Infraestructura.csproj", "{A86B95E2-A82A-237D-A087-3FC1A6ED0254}"
EndProject
Project("{FAE04EC0-301F-11D3-BF4B-00C04F79EFBC}") = "Ventas.Aplicacion", "src\Servicios\Ventas\Ventas.Aplicacion\Ventas.Aplicacion.csproj", "{3C7C33D5-426D-E829-3F63-BE778BE7EEA0}"
EndProject
Project("{FAE04EC0-301F-11D3-BF4B-00C04F79EFBC}") = "Ventas.Dominio", "src\Servicios\Ventas\Ventas.Dominio\Ventas.Dominio.csproj", "{6C5DBD91-4F85-F020-4D67-DE3E2B28C8D8}"
EndProject
Project("{FAE04EC0-301F-11D3-BF4B-00C04F79EFBC}") = "Ventas.Infraestructura", "src\Servicios\Ventas\Ventas.Infraestructura\Ventas.Infraestructura.csproj", "{8CD37033-8BA7-CD90-7695-5A93AB2F8E43}"
EndProject
Project("{2150E333-8FDC-42A3-9474-1A3956D46DE8}") = "Productos", "Productos", "{CF542D10-EE93-4B66-9D70-9DB871FF8676}"
EndProject
Project("{FAE04EC0-301F-11D3-BF4B-00C04F79EFBC}") = "Productos.Aplicacion", "src\Servicios\Productos\Productos.Aplicacion\Productos.Aplicacion.csproj", "{B42F52F1-B21A-1267-E3C2-1F5B6CD2E9A1}"
EndProject
Project("{FAE04EC0-301F-11D3-BF4B-00C04F79EFBC}") = "Productos.Dominio", "src\Servicios\Productos\Productos.Dominio\Productos.Dominio.csproj", "{5B61A448-60DA-E700-573F-ED3754B8AB76}"
EndProject
Project("{FAE04EC0-301F-11D3-BF4B-00C04F79EFBC}") = "Productos.Infraestructura", "src\Servicios\Productos\Productos.Infraestructura\Productos.Infraestructura.csproj", "{825CEC20-C9C2-4C08-6531-B77DADC0DD7D}"
EndProject
Project("{FAE04EC0-301F-11D3-BF4B-00C04F79EFBC}") = "Ventas.API", "src\Servicios\Ventas\Ventas.PI\Ventas.API.csproj", "{EBAE4A48-C742-40CC-A900-582C9F8DB442}"
EndProject
Project("{FAE04EC0-301F-11D3-BF4B-00C04F79EFBC}") = "Productos.API", "src\Servicios\Productos\Productos.API\Productos.API.csproj", "{1BAB87D4-444C-4071-AE33-CF31BD3EAEC5}"
EndProject
Project("{FAE04EC0-301F-11D3-BF4B-00C04F79EFBC}") = "Compras.API", "src\Servicios\Compras\Compras.API\Compras.API.csproj", "{1135DA0D-3F56-4825-B19F-8689977C31D0}"
EndProject
Project("{FAE04EC0-301F-11D3-BF4B-00C04F79EFBC}") = "Movimientos.API", "src\Servicios\Movimientos\Movimientos.API\Movimientos.API.csproj", "{78EA6705-9927-4C8A-876E-B0E4CEF27ADA}"
EndProject
Project("{2150E333-8FDC-42A3-9474-1A3956D46DE8}") = "AuthService", "AuthService", "{050D5C15-BAEC-456F-BFAA-05C38244D3EA}"
EndProject
Project("{FAE04EC0-301F-11D3-BF4B-00C04F79EFBC}") = "AuthService.API", "AuthService.API\AuthService.API.csproj", "{BAF03028-9D82-473E-B05E-55B5B6E3A8CD}"
EndProject
Global
	GlobalSection(SolutionConfigurationPlatforms) = preSolution
		Debug|Any CPU = Debug|Any CPU
		Debug|x64 = Debug|x64
		Debug|x86 = Debug|x86
		Release|Any CPU = Release|Any CPU
		Release|x64 = Release|x64
		Release|x86 = Release|x86
	EndGlobalSection
	GlobalSection(ProjectConfigurationPlatforms) = postSolution
		{6FC8E1AF-4A1E-6428-063D-F90F4D6EA330}.Debug|Any CPU.ActiveCfg = Debug|Any CPU
		{6FC8E1AF-4A1E-6428-063D-F90F4D6EA330}.Debug|Any CPU.Build.0 = Debug|Any CPU
		{6FC8E1AF-4A1E-6428-063D-F90F4D6EA330}.Debug|x64.ActiveCfg = Debug|Any CPU
		{6FC8E1AF-4A1E-6428-063D-F90F4D6EA330}.Debug|x64.Build.0 = Debug|Any CPU
		{6FC8E1AF-4A1E-6428-063D-F90F4D6EA330}.Debug|x86.ActiveCfg = Debug|Any CPU
		{6FC8E1AF-4A1E-6428-063D-F90F4D6EA330}.Debug|x86.Build.0 = Debug|Any CPU
		{6FC8E1AF-4A1E-6428-063D-F90F4D6EA330}.Release|Any CPU.ActiveCfg = Release|Any CPU
		{6FC8E1AF-4A1E-6428-063D-F90F4D6EA330}.Release|Any CPU.Build.0 = Release|Any CPU
		{6FC8E1AF-4A1E-6428-063D-F90F4D6EA330}.Release|x64.ActiveCfg = Release|Any CPU
		{6FC8E1AF-4A1E-6428-063D-F90F4D6EA330}.Release|x64.Build.0 = Release|Any CPU
		{6FC8E1AF-4A1E-6428-063D-F90F4D6EA330}.Release|x86.ActiveCfg = Release|Any CPU
		{6FC8E1AF-4A1E-6428-063D-F90F4D6EA330}.Release|x86.Build.0 = Release|Any CPU
		{B4DE03F8-4083-9B47-64C1-8242CDB7B143}.Debug|Any CPU.ActiveCfg = Debug|Any CPU
		{B4DE03F8-4083-9B47-64C1-8242CDB7B143}.Debug|Any CPU.Build.0 = Debug|Any CPU
		{B4DE03F8-4083-9B47-64C1-8242CDB7B143}.Debug|x64.ActiveCfg = Debug|Any CPU
		{B4DE03F8-4083-9B47-64C1-8242CDB7B143}.Debug|x64.Build.0 = Debug|Any CPU
		{B4DE03F8-4083-9B47-64C1-8242CDB7B143}.Debug|x86.ActiveCfg = Debug|Any CPU
		{B4DE03F8-4083-9B47-64C1-8242CDB7B143}.Debug|x86.Build.0 = Debug|Any CPU
		{B4DE03F8-4083-9B47-64C1-8242CDB7B143}.Release|Any CPU.ActiveCfg = Release|Any CPU
		{B4DE03F8-4083-9B47-64C1-8242CDB7B143}.Release|Any CPU.Build.0 = Release|Any CPU
		{B4DE03F8-4083-9B47-64C1-8242CDB7B143}.Release|x64.ActiveCfg = Release|Any CPU
		{B4DE03F8-4083-9B47-64C1-8242CDB7B143}.Release|x64.Build.0 = Release|Any CPU
		{B4DE03F8-4083-9B47-64C1-8242CDB7B143}.Release|x86.ActiveCfg = Release|Any CPU
		{B4DE03F8-4083-9B47-64C1-8242CDB7B143}.Release|x86.Build.0 = Release|Any CPU
		{4CDB4FD4-50D2-860B-9827-5E13F770CE71}.Debug|Any CPU.ActiveCfg = Debug|Any CPU
		{4CDB4FD4-50D2-860B-9827-5E13F770CE71}.Debug|Any CPU.Build.0 = Debug|Any CPU
		{4CDB4FD4-50D2-860B-9827-5E13F770CE71}.Debug|x64.ActiveCfg = Debug|Any CPU
		{4CDB4FD4-50D2-860B-9827-5E13F770CE71}.Debug|x64.Build.0 = Debug|Any CPU
		{4CDB4FD4-50D2-860B-9827-5E13F770CE71}.Debug|x86.ActiveCfg = Debug|Any CPU
		{4CDB4FD4-50D2-860B-9827-5E13F770CE71}.Debug|x86.Build.0 = Debug|Any CPU
		{4CDB4FD4-50D2-860B-9827-5E13F770CE71}.Release|Any CPU.ActiveCfg = Release|Any CPU
		{4CDB4FD4-50D2-860B-9827-5E13F770CE71}.Release|Any CPU.Build.0 = Release|Any CPU
		{4CDB4FD4-50D2-860B-9827-5E13F770CE71}.Release|x64.ActiveCfg = Release|Any CPU
		{4CDB4FD4-50D2-860B-9827-5E13F770CE71}.Release|x64.Build.0 = Release|Any CPU
		{4CDB4FD4-50D2-860B-9827-5E13F770CE71}.Release|x86.ActiveCfg = Release|Any CPU
		{4CDB4FD4-50D2-860B-9827-5E13F770CE71}.Release|x86.Build.0 = Release|Any CPU
		{41BF4A8E-FE62-5B47-A227-9B7D7266673C}.Debug|Any CPU.ActiveCfg = Debug|Any CPU
		{41BF4A8E-FE62-5B47-A227-9B7D7266673C}.Debug|Any CPU.Build.0 = Debug|Any CPU
		{41BF4A8E-FE62-5B47-A227-9B7D7266673C}.Debug|x64.ActiveCfg = Debug|Any CPU
		{41BF4A8E-FE62-5B47-A227-9B7D7266673C}.Debug|x64.Build.0 = Debug|Any CPU
		{41BF4A8E-FE62-5B47-A227-9B7D7266673C}.Debug|x86.ActiveCfg = Debug|Any CPU
		{41BF4A8E-FE62-5B47-A227-9B7D7266673C}.Debug|x86.Build.0 = Debug|Any CPU
		{41BF4A8E-FE62-5B47-A227-9B7D7266673C}.Release|Any CPU.ActiveCfg = Release|Any CPU
		{41BF4A8E-FE62-5B47-A227-9B7D7266673C}.Release|Any CPU.Build.0 = Release|Any CPU
		{41BF4A8E-FE62-5B47-A227-9B7D7266673C}.Release|x64.ActiveCfg = Release|Any CPU
		{41BF4A8E-FE62-5B47-A227-9B7D7266673C}.Release|x64.Build.0 = Release|Any CPU
		{41BF4A8E-FE62-5B47-A227-9B7D7266673C}.Release|x86.ActiveCfg = Release|Any CPU
		{41BF4A8E-FE62-5B47-A227-9B7D7266673C}.Release|x86.Build.0 = Release|Any CPU
		{DD11CF85-AB27-40A2-14B8-5848C3AEF352}.Debug|Any CPU.ActiveCfg = Debug|Any CPU
		{DD11CF85-AB27-40A2-14B8-5848C3AEF352}.Debug|Any CPU.Build.0 = Debug|Any CPU
		{DD11CF85-AB27-40A2-14B8-5848C3AEF352}.Debug|x64.ActiveCfg = Debug|Any CPU
		{DD11CF85-AB27-40A2-14B8-5848C3AEF352}.Debug|x64.Build.0 = Debug|Any CPU
		{DD11CF85-AB27-40A2-14B8-5848C3AEF352}.Debug|x86.ActiveCfg = Debug|Any CPU
		{DD11CF85-AB27-40A2-14B8-5848C3AEF352}.Debug|x86.Build.0 = Debug|Any CPU
		{DD11CF85-AB27-40A2-14B8-5848C3AEF352}.Release|Any CPU.ActiveCfg = Release|Any CPU
		{DD11CF85-AB27-40A2-14B8-5848C3AEF352}.Release|Any CPU.Build.0 = Release|Any CPU
		{DD11CF85-AB27-40A2-14B8-5848C3AEF352}.Release|x64.ActiveCfg = Release|Any CPU
		{DD11CF85-AB27-40A2-14B8-5848C3AEF352}.Release|x64.Build.0 = Release|Any CPU
		{DD11CF85-AB27-40A2-14B8-5848C3AEF352}.Release|x86.ActiveCfg = Release|Any CPU
		{DD11CF85-AB27-40A2-14B8-5848C3AEF352}.Release|x86.Build.0 = Release|Any CPU
		{A86B95E2-A82A-237D-A087-3FC1A6ED0254}.Debug|Any CPU.ActiveCfg = Debug|Any CPU
		{A86B95E2-A82A-237D-A087-3FC1A6ED0254}.Debug|Any CPU.Build.0 = Debug|Any CPU
		{A86B95E2-A82A-237D-A087-3FC1A6ED0254}.Debug|x64.ActiveCfg = Debug|Any CPU
		{A86B95E2-A82A-237D-A087-3FC1A6ED0254}.Debug|x64.Build.0 = Debug|Any CPU
		{A86B95E2-A82A-237D-A087-3FC1A6ED0254}.Debug|x86.ActiveCfg = Debug|Any CPU
		{A86B95E2-A82A-237D-A087-3FC1A6ED0254}.Debug|x86.Build.0 = Debug|Any CPU
		{A86B95E2-A82A-237D-A087-3FC1A6ED0254}.Release|Any CPU.ActiveCfg = Release|Any CPU
		{A86B95E2-A82A-237D-A087-3FC1A6ED0254}.Release|Any CPU.Build.0 = Release|Any CPU
		{A86B95E2-A82A-237D-A087-3FC1A6ED0254}.Release|x64.ActiveCfg = Release|Any CPU
		{A86B95E2-A82A-237D-A087-3FC1A6ED0254}.Release|x64.Build.0 = Release|Any CPU
		{A86B95E2-A82A-237D-A087-3FC1A6ED0254}.Release|x86.ActiveCfg = Release|Any CPU
		{A86B95E2-A82A-237D-A087-3FC1A6ED0254}.Release|x86.Build.0 = Release|Any CPU
		{3C7C33D5-426D-E829-3F63-BE778BE7EEA0}.Debug|Any CPU.ActiveCfg = Debug|Any CPU
		{3C7C33D5-426D-E829-3F63-BE778BE7EEA0}.Debug|Any CPU.Build.0 = Debug|Any CPU
		{3C7C33D5-426D-E829-3F63-BE778BE7EEA0}.Debug|x64.ActiveCfg = Debug|Any CPU
		{3C7C33D5-426D-E829-3F63-BE778BE7EEA0}.Debug|x64.Build.0 = Debug|Any CPU
		{3C7C33D5-426D-E829-3F63-BE778BE7EEA0}.Debug|x86.ActiveCfg = Debug|Any CPU
		{3C7C33D5-426D-E829-3F63-BE778BE7EEA0}.Debug|x86.Build.0 = Debug|Any CPU
		{3C7C33D5-426D-E829-3F63-BE778BE7EEA0}.Release|Any CPU.ActiveCfg = Release|Any CPU
		{3C7C33D5-426D-E829-3F63-BE778BE7EEA0}.Release|Any CPU.Build.0 = Release|Any CPU
		{3C7C33D5-426D-E829-3F63-BE778BE7EEA0}.Release|x64.ActiveCfg = Release|Any CPU
		{3C7C33D5-426D-E829-3F63-BE778BE7EEA0}.Release|x64.Build.0 = Release|Any CPU
		{3C7C33D5-426D-E829-3F63-BE778BE7EEA0}.Release|x86.ActiveCfg = Release|Any CPU
		{3C7C33D5-426D-E829-3F63-BE778BE7EEA0}.Release|x86.Build.0 = Release|Any CPU
		{6C5DBD91-4F85-F020-4D67-DE3E2B28C8D8}.Debug|Any CPU.ActiveCfg = Debug|Any CPU
		{6C5DBD91-4F85-F020-4D67-DE3E2B28C8D8}.Debug|Any CPU.Build.0 = Debug|Any CPU
		{6C5DBD91-4F85-F020-4D67-DE3E2B28C8D8}.Debug|x64.ActiveCfg = Debug|Any CPU
		{6C5DBD91-4F85-F020-4D67-DE3E2B28C8D8}.Debug|x64.Build.0 = Debug|Any CPU
		{6C5DBD91-4F85-F020-4D67-DE3E2B28C8D8}.Debug|x86.ActiveCfg = Debug|Any CPU
		{6C5DBD91-4F85-F020-4D67-DE3E2B28C8D8}.Debug|x86.Build.0 = Debug|Any CPU
		{6C5DBD91-4F85-F020-4D67-DE3E2B28C8D8}.Release|Any CPU.ActiveCfg = Release|Any CPU
		{6C5DBD91-4F85-F020-4D67-DE3E2B28C8D8}.Release|Any CPU.Build.0 = Release|Any CPU
		{6C5DBD91-4F85-F020-4D67-DE3E2B28C8D8}.Release|x64.ActiveCfg = Release|Any CPU
		{6C5DBD91-4F85-F020-4D67-DE3E2B28C8D8}.Release|x64.Build.0 = Release|Any CPU
		{6C5DBD91-4F85-F020-4D67-DE3E2B28C8D8}.Release|x86.ActiveCfg = Release|Any CPU
		{6C5DBD91-4F85-F020-4D67-DE3E2B28C8D8}.Release|x86.Build.0 = Release|Any CPU
		{8CD37033-8BA7-CD90-7695-5A93AB2F8E43}.Debug|Any CPU.ActiveCfg = Debug|Any CPU
		{8CD37033-8BA7-CD90-7695-5A93AB2F8E43}.Debug|Any CPU.Build.0 = Debug|Any CPU
		{8CD37033-8BA7-CD90-7695-5A93AB2F8E43}.Debug|x64.ActiveCfg = Debug|Any CPU
		{8CD37033-8BA7-CD90-7695-5A93AB2F8E43}.Debug|x64.Build.0 = Debug|Any CPU
		{8CD37033-8BA7-CD90-7695-5A93AB2F8E43}.Debug|x86.ActiveCfg = Debug|Any CPU
		{8CD37033-8BA7-CD90-7695-5A93AB2F8E43}.Debug|x86.Build.0 = Debug|Any CPU
		{8CD37033-8BA7-CD90-7695-5A93AB2F8E43}.Release|Any CPU.ActiveCfg = Release|Any CPU
		{8CD37033-8BA7-CD90-7695-5A93AB2F8E43}.Release|Any CPU.Build.0 = Release|Any CPU
		{8CD37033-8BA7-CD90-7695-5A93AB2F8E43}.Release|x64.ActiveCfg = Release|Any CPU
		{8CD37033-8BA7-CD90-7695-5A93AB2F8E43}.Release|x64.Build.0 = Release|Any CPU
		{8CD37033-8BA7-CD90-7695-5A93AB2F8E43}.Release|x86.ActiveCfg = Release|Any CPU
		{8CD37033-8BA7-CD90-7695-5A93AB2F8E43}.Release|x86.Build.0 = Release|Any CPU
		{B42F52F1-B21A-1267-E3C2-1F5B6CD2E9A1}.Debug|Any CPU.ActiveCfg = Debug|Any CPU
		{B42F52F1-B21A-1267-E3C2-1F5B6CD2E9A1}.Debug|Any CPU.Build.0 = Debug|Any CPU
		{B42F52F1-B21A-1267-E3C2-1F5B6CD2E9A1}.Debug|x64.ActiveCfg = Debug|Any CPU
		{B42F52F1-B21A-1267-E3C2-1F5B6CD2E9A1}.Debug|x64.Build.0 = Debug|Any CPU
		{B42F52F1-B21A-1267-E3C2-1F5B6CD2E9A1}.Debug|x86.ActiveCfg = Debug|Any CPU
		{B42F52F1-B21A-1267-E3C2-1F5B6CD2E9A1}.Debug|x86.Build.0 = Debug|Any CPU
		{B42F52F1-B21A-1267-E3C2-1F5B6CD2E9A1}.Release|Any CPU.ActiveCfg = Release|Any CPU
		{B42F52F1-B21A-1267-E3C2-1F5B6CD2E9A1}.Release|Any CPU.Build.0 = Release|Any CPU
		{B42F52F1-B21A-1267-E3C2-1F5B6CD2E9A1}.Release|x64.ActiveCfg = Release|Any CPU
		{B42F52F1-B21A-1267-E3C2-1F5B6CD2E9A1}.Release|x64.Build.0 = Release|Any CPU
		{B42F52F1-B21A-1267-E3C2-1F5B6CD2E9A1}.Release|x86.ActiveCfg = Release|Any CPU
		{B42F52F1-B21A-1267-E3C2-1F5B6CD2E9A1}.Release|x86.Build.0 = Release|Any CPU
		{5B61A448-60DA-E700-573F-ED3754B8AB76}.Debug|Any CPU.ActiveCfg = Debug|Any CPU
		{5B61A448-60DA-E700-573F-ED3754B8AB76}.Debug|Any CPU.Build.0 = Debug|Any CPU
		{5B61A448-60DA-E700-573F-ED3754B8AB76}.Debug|x64.ActiveCfg = Debug|Any CPU
		{5B61A448-60DA-E700-573F-ED3754B8AB76}.Debug|x64.Build.0 = Debug|Any CPU
		{5B61A448-60DA-E700-573F-ED3754B8AB76}.Debug|x86.ActiveCfg = Debug|Any CPU
		{5B61A448-60DA-E700-573F-ED3754B8AB76}.Debug|x86.Build.0 = Debug|Any CPU
		{5B61A448-60DA-E700-573F-ED3754B8AB76}.Release|Any CPU.ActiveCfg = Release|Any CPU
		{5B61A448-60DA-E700-573F-ED3754B8AB76}.Release|Any CPU.Build.0 = Release|Any CPU
		{5B61A448-60DA-E700-573F-ED3754B8AB76}.Release|x64.ActiveCfg = Release|Any CPU
		{5B61A448-60DA-E700-573F-ED3754B8AB76}.Release|x64.Build.0 = Release|Any CPU
		{5B61A448-60DA-E700-573F-ED3754B8AB76}.Release|x86.ActiveCfg = Release|Any CPU
		{5B61A448-60DA-E700-573F-ED3754B8AB76}.Release|x86.Build.0 = Release|Any CPU
		{825CEC20-C9C2-4C08-6531-B77DADC0DD7D}.Debug|Any CPU.ActiveCfg = Debug|Any CPU
		{825CEC20-C9C2-4C08-6531-B77DADC0DD7D}.Debug|Any CPU.Build.0 = Debug|Any CPU
		{825CEC20-C9C2-4C08-6531-B77DADC0DD7D}.Debug|x64.ActiveCfg = Debug|Any CPU
		{825CEC20-C9C2-4C08-6531-B77DADC0DD7D}.Debug|x64.Build.0 = Debug|Any CPU
		{825CEC20-C9C2-4C08-6531-B77DADC0DD7D}.Debug|x86.ActiveCfg = Debug|Any CPU
		{825CEC20-C9C2-4C08-6531-B77DADC0DD7D}.Debug|x86.Build.0 = Debug|Any CPU
		{825CEC20-C9C2-4C08-6531-B77DADC0DD7D}.Release|Any CPU.ActiveCfg = Release|Any CPU
		{825CEC20-C9C2-4C08-6531-B77DADC0DD7D}.Release|Any CPU.Build.0 = Release|Any CPU
		{825CEC20-C9C2-4C08-6531-B77DADC0DD7D}.Release|x64.ActiveCfg = Release|Any CPU
		{825CEC20-C9C2-4C08-6531-B77DADC0DD7D}.Release|x64.Build.0 = Release|Any CPU
		{825CEC20-C9C2-4C08-6531-B77DADC0DD7D}.Release|x86.ActiveCfg = Release|Any CPU
		{825CEC20-C9C2-4C08-6531-B77DADC0DD7D}.Release|x86.Build.0 = Release|Any CPU
		{EBAE4A48-C742-40CC-A900-582C9F8DB442}.Debug|Any CPU.ActiveCfg = Debug|Any CPU
		{EBAE4A48-C742-40CC-A900-582C9F8DB442}.Debug|Any CPU.Build.0 = Debug|Any CPU
		{EBAE4A48-C742-40CC-A900-582C9F8DB442}.Debug|x64.ActiveCfg = Debug|Any CPU
		{EBAE4A48-C742-40CC-A900-582C9F8DB442}.Debug|x64.Build.0 = Debug|Any CPU
		{EBAE4A48-C742-40CC-A900-582C9F8DB442}.Debug|x86.ActiveCfg = Debug|Any CPU
		{EBAE4A48-C742-40CC-A900-582C9F8DB442}.Debug|x86.Build.0 = Debug|Any CPU
		{EBAE4A48-C742-40CC-A900-582C9F8DB442}.Release|Any CPU.ActiveCfg = Release|Any CPU
		{EBAE4A48-C742-40CC-A900-582C9F8DB442}.Release|Any CPU.Build.0 = Release|Any CPU
		{EBAE4A48-C742-40CC-A900-582C9F8DB442}.Release|x64.ActiveCfg = Release|Any CPU
		{EBAE4A48-C742-40CC-A900-582C9F8DB442}.Release|x64.Build.0 = Release|Any CPU
		{EBAE4A48-C742-40CC-A900-582C9F8DB442}.Release|x86.ActiveCfg = Release|Any CPU
		{EBAE4A48-C742-40CC-A900-582C9F8DB442}.Release|x86.Build.0 = Release|Any CPU
		{1BAB87D4-444C-4071-AE33-CF31BD3EAEC5}.Debug|Any CPU.ActiveCfg = Debug|Any CPU
		{1BAB87D4-444C-4071-AE33-CF31BD3EAEC5}.Debug|Any CPU.Build.0 = Debug|Any CPU
		{1BAB87D4-444C-4071-AE33-CF31BD3EAEC5}.Debug|x64.ActiveCfg = Debug|Any CPU
		{1BAB87D4-444C-4071-AE33-CF31BD3EAEC5}.Debug|x64.Build.0 = Debug|Any CPU
		{1BAB87D4-444C-4071-AE33-CF31BD3EAEC5}.Debug|x86.ActiveCfg = Debug|Any CPU
		{1BAB87D4-444C-4071-AE33-CF31BD3EAEC5}.Debug|x86.Build.0 = Debug|Any CPU
		{1BAB87D4-444C-4071-AE33-CF31BD3EAEC5}.Release|Any CPU.ActiveCfg = Release|Any CPU
		{1BAB87D4-444C-4071-AE33-CF31BD3EAEC5}.Release|Any CPU.Build.0 = Release|Any CPU
		{1BAB87D4-444C-4071-AE33-CF31BD3EAEC5}.Release|x64.ActiveCfg = Release|Any CPU
		{1BAB87D4-444C-4071-AE33-CF31BD3EAEC5}.Release|x64.Build.0 = Release|Any CPU
		{1BAB87D4-444C-4071-AE33-CF31BD3EAEC5}.Release|x86.ActiveCfg = Release|Any CPU
		{1BAB87D4-444C-4071-AE33-CF31BD3EAEC5}.Release|x86.Build.0 = Release|Any CPU
		{1135DA0D-3F56-4825-B19F-8689977C31D0}.Debug|Any CPU.ActiveCfg = Debug|Any CPU
		{1135DA0D-3F56-4825-B19F-8689977C31D0}.Debug|Any CPU.Build.0 = Debug|Any CPU
		{1135DA0D-3F56-4825-B19F-8689977C31D0}.Debug|x64.ActiveCfg = Debug|Any CPU
		{1135DA0D-3F56-4825-B19F-8689977C31D0}.Debug|x64.Build.0 = Debug|Any CPU
		{1135DA0D-3F56-4825-B19F-8689977C31D0}.Debug|x86.ActiveCfg = Debug|Any CPU
		{1135DA0D-3F56-4825-B19F-8689977C31D0}.Debug|x86.Build.0 = Debug|Any CPU
		{1135DA0D-3F56-4825-B19F-8689977C31D0}.Release|Any CPU.ActiveCfg = Release|Any CPU
		{1135DA0D-3F56-4825-B19F-8689977C31D0}.Release|Any CPU.Build.0 = Release|Any CPU
		{1135DA0D-3F56-4825-B19F-8689977C31D0}.Release|x64.ActiveCfg = Release|Any CPU
		{1135DA0D-3F56-4825-B19F-8689977C31D0}.Release|x64.Build.0 = Release|Any CPU
		{1135DA0D-3F56-4825-B19F-8689977C31D0}.Release|x86.ActiveCfg = Release|Any CPU
		{1135DA0D-3F56-4825-B19F-8689977C31D0}.Release|x86.Build.0 = Release|Any CPU
		{78EA6705-9927-4C8A-876E-B0E4CEF27ADA}.Debug|Any CPU.ActiveCfg = Debug|Any CPU
		{78EA6705-9927-4C8A-876E-B0E4CEF27ADA}.Debug|Any CPU.Build.0 = Debug|Any CPU
		{78EA6705-9927-4C8A-876E-B0E4CEF27ADA}.Debug|x64.ActiveCfg = Debug|Any CPU
		{78EA6705-9927-4C8A-876E-B0E4CEF27ADA}.Debug|x64.Build.0 = Debug|Any CPU
		{78EA6705-9927-4C8A-876E-B0E4CEF27ADA}.Debug|x86.ActiveCfg = Debug|Any CPU
		{78EA6705-9927-4C8A-876E-B0E4CEF27ADA}.Debug|x86.Build.0 = Debug|Any CPU
		{78EA6705-9927-4C8A-876E-B0E4CEF27ADA}.Release|Any CPU.ActiveCfg = Release|Any CPU
		{78EA6705-9927-4C8A-876E-B0E4CEF27ADA}.Release|Any CPU.Build.0 = Release|Any CPU
		{78EA6705-9927-4C8A-876E-B0E4CEF27ADA}.Release|x64.ActiveCfg = Release|Any CPU
		{78EA6705-9927-4C8A-876E-B0E4CEF27ADA}.Release|x64.Build.0 = Release|Any CPU
		{78EA6705-9927-4C8A-876E-B0E4CEF27ADA}.Release|x86.ActiveCfg = Release|Any CPU
		{78EA6705-9927-4C8A-876E-B0E4CEF27ADA}.Release|x86.Build.0 = Release|Any CPU
		{BAF03028-9D82-473E-B05E-55B5B6E3A8CD}.Debug|Any CPU.ActiveCfg = Debug|Any CPU
		{BAF03028-9D82-473E-B05E-55B5B6E3A8CD}.Debug|Any CPU.Build.0 = Debug|Any CPU
		{BAF03028-9D82-473E-B05E-55B5B6E3A8CD}.Debug|x64.ActiveCfg = Debug|Any CPU
		{BAF03028-9D82-473E-B05E-55B5B6E3A8CD}.Debug|x64.Build.0 = Debug|Any CPU
		{BAF03028-9D82-473E-B05E-55B5B6E3A8CD}.Debug|x86.ActiveCfg = Debug|Any CPU
		{BAF03028-9D82-473E-B05E-55B5B6E3A8CD}.Debug|x86.Build.0 = Debug|Any CPU
		{BAF03028-9D82-473E-B05E-55B5B6E3A8CD}.Release|Any CPU.ActiveCfg = Release|Any CPU
		{BAF03028-9D82-473E-B05E-55B5B6E3A8CD}.Release|Any CPU.Build.0 = Release|Any CPU
		{BAF03028-9D82-473E-B05E-55B5B6E3A8CD}.Release|x64.ActiveCfg = Release|Any CPU
		{BAF03028-9D82-473E-B05E-55B5B6E3A8CD}.Release|x64.Build.0 = Release|Any CPU
		{BAF03028-9D82-473E-B05E-55B5B6E3A8CD}.Release|x86.ActiveCfg = Release|Any CPU
		{BAF03028-9D82-473E-B05E-55B5B6E3A8CD}.Release|x86.Build.0 = Release|Any CPU
	EndGlobalSection
	GlobalSection(SolutionProperties) = preSolution
		HideSolutionNode = FALSE
	EndGlobalSection
	GlobalSection(NestedProjects) = preSolution
		{C98DEB5E-1C75-3548-8A81-4E47D0E25738} = {827E0CD3-B72D-47B6-A68D-7590B98EB39B}
		{6FC8E1AF-4A1E-6428-063D-F90F4D6EA330} = {02EA681E-C7D8-13C7-8484-4AC65E1B71E8}
		{B4DE03F8-4083-9B47-64C1-8242CDB7B143} = {02EA681E-C7D8-13C7-8484-4AC65E1B71E8}
		{4CDB4FD4-50D2-860B-9827-5E13F770CE71} = {02EA681E-C7D8-13C7-8484-4AC65E1B71E8}
		{02EA681E-C7D8-13C7-8484-4AC65E1B71E8} = {C98DEB5E-1C75-3548-8A81-4E47D0E25738}
		{3923D861-F51C-448B-9E0F-AE7A12265A37} = {C98DEB5E-1C75-3548-8A81-4E47D0E25738}
		{6CF5BF75-C967-458E-BE88-AA09FBE1B74A} = {C98DEB5E-1C75-3548-8A81-4E47D0E25738}
		{41BF4A8E-FE62-5B47-A227-9B7D7266673C} = {6CF5BF75-C967-458E-BE88-AA09FBE1B74A}
		{DD11CF85-AB27-40A2-14B8-5848C3AEF352} = {6CF5BF75-C967-458E-BE88-AA09FBE1B74A}
		{A86B95E2-A82A-237D-A087-3FC1A6ED0254} = {6CF5BF75-C967-458E-BE88-AA09FBE1B74A}
		{3C7C33D5-426D-E829-3F63-BE778BE7EEA0} = {3923D861-F51C-448B-9E0F-AE7A12265A37}
		{6C5DBD91-4F85-F020-4D67-DE3E2B28C8D8} = {3923D861-F51C-448B-9E0F-AE7A12265A37}
		{8CD37033-8BA7-CD90-7695-5A93AB2F8E43} = {3923D861-F51C-448B-9E0F-AE7A12265A37}
		{CF542D10-EE93-4B66-9D70-9DB871FF8676} = {C98DEB5E-1C75-3548-8A81-4E47D0E25738}
		{B42F52F1-B21A-1267-E3C2-1F5B6CD2E9A1} = {CF542D10-EE93-4B66-9D70-9DB871FF8676}
		{5B61A448-60DA-E700-573F-ED3754B8AB76} = {CF542D10-EE93-4B66-9D70-9DB871FF8676}
		{825CEC20-C9C2-4C08-6531-B77DADC0DD7D} = {CF542D10-EE93-4B66-9D70-9DB871FF8676}
		{EBAE4A48-C742-40CC-A900-582C9F8DB442} = {3923D861-F51C-448B-9E0F-AE7A12265A37}
		{1BAB87D4-444C-4071-AE33-CF31BD3EAEC5} = {CF542D10-EE93-4B66-9D70-9DB871FF8676}
		{1135DA0D-3F56-4825-B19F-8689977C31D0} = {02EA681E-C7D8-13C7-8484-4AC65E1B71E8}
		{78EA6705-9927-4C8A-876E-B0E4CEF27ADA} = {6CF5BF75-C967-458E-BE88-AA09FBE1B74A}
		{050D5C15-BAEC-456F-BFAA-05C38244D3EA} = {827E0CD3-B72D-47B6-A68D-7590B98EB39B}
		{BAF03028-9D82-473E-B05E-55B5B6E3A8CD} = {050D5C15-BAEC-456F-BFAA-05C38244D3EA}
	EndGlobalSection
	GlobalSection(ExtensibilityGlobals) = postSolution
		SolutionGuid = {793E2BF5-0679-4BD8-9974-D54817165BB6}
	EndGlobalSection
EndGlobal
